
Microsoft Visual Studio Solution File, Format Version 12.00
# Visual Studio Version 16
VisualStudioVersion = 16.0.29709.97
MinimumVisualStudioVersion = 10.0.40219.1
Project("{9A19103F-16F7-4668-BE54-9A1E7A4F7556}") = "NavyBule.Data", "Navy.data\NavyBule.Data.csproj", "{BBB2EC9F-1EE2-4745-B018-5E0F59917122}"
EndProject
Project("{9A19103F-16F7-4668-BE54-9A1E7A4F7556}") = "NavyBule.Core", "NavyBule.Core\NavyBule.Core.csproj", "{6F7748B3-0249-4692-A7D4-487A67EEB5C2}"
EndProject
Global
	GlobalSection(SolutionConfigurationPlatforms) = preSolution
		Debug|Any CPU = Debug|Any CPU
		Release|Any CPU = Release|Any CPU
	EndGlobalSection
	GlobalSection(ProjectConfigurationPlatforms) = postSolution
		{BBB2EC9F-1EE2-4745-B018-5E0F59917122}.Debug|Any CPU.ActiveCfg = Debug|Any CPU
		{BBB2EC9F-1EE2-4745-B018-5E0F59917122}.Debug|Any CPU.Build.0 = Debug|Any CPU
		{BBB2EC9F-1EE2-4745-B018-5E0F59917122}.Release|Any CPU.ActiveCfg = Release|Any CPU
		{BBB2EC9F-1EE2-4745-B018-5E0F59917122}.Release|Any CPU.Build.0 = Release|Any CPU
		{6F7748B3-0249-4692-A7D4-487A67EEB5C2}.Debug|Any CPU.ActiveCfg = Debug|Any CPU
		{6F7748B3-0249-4692-A7D4-487A67EEB5C2}.Debug|Any CPU.Build.0 = Debug|Any CPU
		{6F7748B3-0249-4692-A7D4-487A67EEB5C2}.Release|Any CPU.ActiveCfg = Release|Any CPU
		{6F7748B3-0249-4692-A7D4-487A67EEB5C2}.Release|Any CPU.Build.0 = Release|Any CPU
	EndGlobalSection
	GlobalSection(SolutionProperties) = preSolution
		HideSolutionNode = FALSE
	EndGlobalSection
	GlobalSection(ExtensibilityGlobals) = postSolution
		SolutionGuid = {21264A80-5376-4EC3-A070-CF10F1B16F41}
	EndGlobalSection
EndGlobal
