
Microsoft Visual Studio Solution File, Format Version 12.00
# Visual Studio Version 16
VisualStudioVersion = 16.0.29709.97
MinimumVisualStudioVersion = 10.0.40219.1
Project("{9A19103F-16F7-4668-BE54-9A1E7A4F7556}") = "NavyBule.Data", "Rhema.Data\rhema.data\NavyBule.Data.csproj", "{64444DA8-042A-4D1F-80E3-B61AF7B37028}"
EndProject
Project("{9A19103F-16F7-4668-BE54-9A1E7A4F7556}") = "NavyBule.Core", "Rhema.Core\rhema.core\NavyBule.Core.csproj", "{9868B452-1410-47A2-A32F-452FB1E2BC31}"
EndProject
Global
	GlobalSection(SolutionConfigurationPlatforms) = preSolution
		Debug|Any CPU = Debug|Any CPU
		Release|Any CPU = Release|Any CPU
	EndGlobalSection
	GlobalSection(ProjectConfigurationPlatforms) = postSolution
		{64444DA8-042A-4D1F-80E3-B61AF7B37028}.Debug|Any CPU.ActiveCfg = Debug|Any CPU
		{64444DA8-042A-4D1F-80E3-B61AF7B37028}.Debug|Any CPU.Build.0 = Debug|Any CPU
		{64444DA8-042A-4D1F-80E3-B61AF7B37028}.Release|Any CPU.ActiveCfg = Release|Any CPU
		{64444DA8-042A-4D1F-80E3-B61AF7B37028}.Release|Any CPU.Build.0 = Release|Any CPU
		{9868B452-1410-47A2-A32F-452FB1E2BC31}.Debug|Any CPU.ActiveCfg = Debug|Any CPU
		{9868B452-1410-47A2-A32F-452FB1E2BC31}.Debug|Any CPU.Build.0 = Debug|Any CPU
		{9868B452-1410-47A2-A32F-452FB1E2BC31}.Release|Any CPU.ActiveCfg = Release|Any CPU
		{9868B452-1410-47A2-A32F-452FB1E2BC31}.Release|Any CPU.Build.0 = Release|Any CPU
	EndGlobalSection
	GlobalSection(SolutionProperties) = preSolution
		HideSolutionNode = FALSE
	EndGlobalSection
	GlobalSection(ExtensibilityGlobals) = postSolution
		SolutionGuid = {21264A80-5376-4EC3-A070-CF10F1B16F41}
	EndGlobalSection
EndGlobal
