
Microsoft Visual Studio Solution File, Format Version 12.00
# Visual Studio Version 16
VisualStudioVersion = 16.0.29709.97
MinimumVisualStudioVersion = 10.0.40219.1
Project("{9A19103F-16F7-4668-BE54-9A1E7A4F7556}") = "DBMemThresholdMonitorTask", "DBMemThresholdMonitorTask.csproj", "{42B0E791-ED07-415B-BE90-3FE37A9D4352}"
EndProject
Global
	GlobalSection(SolutionConfigurationPlatforms) = preSolution
		Debug|Any CPU = Debug|Any CPU
		Release|Any CPU = Release|Any CPU
	EndGlobalSection
	GlobalSection(ProjectConfigurationPlatforms) = postSolution
		{42B0E791-ED07-415B-BE90-3FE37A9D4352}.Debug|Any CPU.ActiveCfg = Debug|Any CPU
		{42B0E791-ED07-415B-BE90-3FE37A9D4352}.Debug|Any CPU.Build.0 = Debug|Any CPU
		{42B0E791-ED07-415B-BE90-3FE37A9D4352}.Release|Any CPU.ActiveCfg = Release|Any CPU
		{42B0E791-ED07-415B-BE90-3FE37A9D4352}.Release|Any CPU.Build.0 = Release|Any CPU
	EndGlobalSection
	GlobalSection(SolutionProperties) = preSolution
		HideSolutionNode = FALSE
	EndGlobalSection
	GlobalSection(ExtensibilityGlobals) = postSolution
		SolutionGuid = {192CDD57-0711-4816-B874-70117BD0BCFE}
	EndGlobalSection
EndGlobal
